Microsoft Visual Studio Solution File, Format Version 12.00
# Visual Studio 15
VisualStudioVersion = 15.0.26730.3
MinimumVisualStudioVersion = 10.0.40219.1
Project("{2150E333-8FDC-42A3-9474-1A3956D46DE8}") = "src", "src", "{87994956-720F-46CF-A5B4-B4EB73DC4CB4}"
EndProject
Project("{2150E333-8FDC-42A3-9474-1A3956D46DE8}") = "Solution Items", "Solution Items", "{724A2B02-99BE-4A67-9CA3-D892E0A6CE0E}"
EndProject
Project("{9A19103F-16F7-4668-BE54-9A1E7A4F7556}") = "API", "src\API\API.csproj", "{8C56B1B3-C465-45B8-A8B9-6FF2BA8D4309}"
EndProject
Project("{9A19103F-16F7-4668-BE54-9A1E7A4F7556}") = "Entity", "src\Entity\Entity.csproj", "{F7463EDC-DDD0-4591-9A22-362FBB1C7946}"
EndProject
Project("{2150E333-8FDC-42A3-9474-1A3956D46DE8}") = "test", "test", "{66E15B0E-E026-46B9-8B41-AABD8944E897}"
EndProject
Project("{9A19103F-16F7-4668-BE54-9A1E7A4F7556}") = "Entity.Tests", "test\Entity.Tests\Entity.Tests.csproj", "{D9B8F92E-4236-4E7B-A339-5A01F868C539}"
EndProject
Global
	GlobalSection(SolutionConfigurationPlatforms) = preSolution
		Debug|Any CPU = Debug|Any CPU
		Release|Any CPU = Release|Any CPU
	EndGlobalSection
	GlobalSection(ProjectConfigurationPlatforms) = postSolution
		{8C56B1B3-C465-45B8-A8B9-6FF2BA8D4309}.Debug|Any CPU.ActiveCfg = Debug|Any CPU
		{8C56B1B3-C465-45B8-A8B9-6FF2BA8D4309}.Debug|Any CPU.Build.0 = Debug|Any CPU
		{8C56B1B3-C465-45B8-A8B9-6FF2BA8D4309}.Release|Any CPU.ActiveCfg = Release|Any CPU
		{8C56B1B3-C465-45B8-A8B9-6FF2BA8D4309}.Release|Any CPU.Build.0 = Release|Any CPU
		{F7463EDC-DDD0-4591-9A22-362FBB1C7946}.Debug|Any CPU.ActiveCfg = Debug|Any CPU
		{F7463EDC-DDD0-4591-9A22-362FBB1C7946}.Debug|Any CPU.Build.0 = Debug|Any CPU
		{F7463EDC-DDD0-4591-9A22-362FBB1C7946}.Release|Any CPU.ActiveCfg = Release|Any CPU
		{F7463EDC-DDD0-4591-9A22-362FBB1C7946}.Release|Any CPU.Build.0 = Release|Any CPU
		{D9B8F92E-4236-4E7B-A339-5A01F868C539}.Debug|Any CPU.ActiveCfg = Debug|Any CPU
		{D9B8F92E-4236-4E7B-A339-5A01F868C539}.Debug|Any CPU.Build.0 = Debug|Any CPU
		{D9B8F92E-4236-4E7B-A339-5A01F868C539}.Release|Any CPU.ActiveCfg = Release|Any CPU
		{D9B8F92E-4236-4E7B-A339-5A01F868C539}.Release|Any CPU.Build.0 = Release|Any CPU
	EndGlobalSection
	GlobalSection(SolutionProperties) = preSolution
		HideSolutionNode = FALSE
	EndGlobalSection
	GlobalSection(NestedProjects) = preSolution
		{8C56B1B3-C465-45B8-A8B9-6FF2BA8D4309} = {87994956-720F-46CF-A5B4-B4EB73DC4CB4}
		{F7463EDC-DDD0-4591-9A22-362FBB1C7946} = {87994956-720F-46CF-A5B4-B4EB73DC4CB4}
		{D9B8F92E-4236-4E7B-A339-5A01F868C539} = {66E15B0E-E026-46B9-8B41-AABD8944E897}
	EndGlobalSection
	GlobalSection(ExtensibilityGlobals) = postSolution
		SolutionGuid = {93F605D3-F0ED-4385-B16A-975B71329D94}
	EndGlobalSection
EndGlobal
